
Microsoft Visual Studio Solution File, Format Version 12.00
# Visual Studio Version 16
VisualStudioVersion = 16.0.30204.135
MinimumVisualStudioVersion = 10.0.40219.1
Project("{FAE04EC0-301F-11D3-BF4B-00C04F79EFBC}") = "Middleware", "Middleware\Middleware.csproj", "{47BAA075-B569-4242-8973-D375246ADEC9}"
EndProject
Global
	GlobalSection(SolutionConfigurationPlatforms) = preSolution
		Debug|Any CPU = Debug|Any CPU
		Release|Any CPU = Release|Any CPU
	EndGlobalSection
	GlobalSection(ProjectConfigurationPlatforms) = postSolution
		{47BAA075-B569-4242-8973-D375246ADEC9}.Debug|Any CPU.ActiveCfg = Debug|Any CPU
		{47BAA075-B569-4242-8973-D375246ADEC9}.Debug|Any CPU.Build.0 = Debug|Any CPU
		{47BAA075-B569-4242-8973-D375246ADEC9}.Release|Any CPU.ActiveCfg = Release|Any CPU
		{47BAA075-B569-4242-8973-D375246ADEC9}.Release|Any CPU.Build.0 = Release|Any CPU
	EndGlobalSection
	GlobalSection(SolutionProperties) = preSolution
		HideSolutionNode = FALSE
	EndGlobalSection
	GlobalSection(ExtensibilityGlobals) = postSolution
		SolutionGuid = {E0E28FC9-CCEB-4AE5-A68F-3EF3C96C2E57}
	EndGlobalSection
EndGlobal
